PODS:
  - SwiftDate (3.0.8)
  - SwiftyTimer (1.4.0)

DEPENDENCIES:
  - SwiftDate
  - SwiftyTimer

SPEC CHECKSUMS:
  SwiftDate: 971f8b9394f664f2226b9c3ab64e801a7291c612
  SwiftyTimer: db4458cfaf67fc71e16ad6e4637c60b86f76a649

PODFILE CHECKSUM: a5735ec63b88c162f564302a4a6f9b88a2609d49

COCOAPODS: 1.0.0
