// !$*UTF8*$!
{
	archiveVersion = 1;
	classes = {
	};
	objectVersion = 46;
	objects = {

/* Begin PBXBuildFile section */
		5D9279649B5FD17534140506 /* Pods_swiftmiUITests.framework in Frameworks */ = {isa = PBXBuildFile; fileRef = 492D620C740025E8F5C76E19 /* Pods_swiftmiUITests.framework */; };
		8FA4F85FDE19FFA44AC37D9E /* Pods_swiftmi.framework in Frameworks */ = {isa = PBXBuildFile; fileRef = 2D700C47C2E440605697C75B /* Pods_swiftmi.framework */; settings = {ATTRIBUTES = (Required, ); }; };
		94A353344EE9AC3F2B364F0C /* Pods_swiftmiTests.framework in Frameworks */ = {isa = PBXBuildFile; fileRef = 7A55EC644CA2470AB0FD0DD3 /* Pods_swiftmiTests.framework */; };
		FD222CBB1CFC2114008D6496 /* NSColor+SwiftMi.swift in Sources */ = {isa = PBXBuildFile; fileRef = FD222CBA1CFC2114008D6496 /* NSColor+SwiftMi.swift */; };
		FD45A7BF1CFF4226009C92B7 /* SwiftyJSON.framework in Copy Frameworks */ = {isa = PBXBuildFile; fileRef = FD915FB71CE8856500C5061D /* SwiftyJSON.framework */; settings = {ATTRIBUTES = (CodeSignOnCopy, RemoveHeadersOnCopy, ); }; };
		FD45A7C01CFF422B009C92B7 /* Alamofire.framework in Copy Frameworks */ = {isa = PBXBuildFile; fileRef = FD915F9F1CE8855F00C5061D /* Alamofire.framework */; settings = {ATTRIBUTES = (CodeSignOnCopy, RemoveHeadersOnCopy, ); }; };
		FD915FC01CE8857D00C5061D /* SwiftyJSON.framework in Frameworks */ = {isa = PBXBuildFile; fileRef = FD915FB71CE8856500C5061D /* SwiftyJSON.framework */; };
		FD915FC11CE8858100C5061D /* Alamofire.framework in Frameworks */ = {isa = PBXBuildFile; fileRef = FD915F9F1CE8855F00C5061D /* Alamofire.framework */; };
		FD915FCA1CE9848100C5061D /* PopoverViewController.swift in Sources */ = {isa = PBXBuildFile; fileRef = FD915FC81CE9848100C5061D /* PopoverViewController.swift */; };
		FD915FCB1CE9848100C5061D /* PopoverViewController.xib in Resources */ = {isa = PBXBuildFile; fileRef = FD915FC91CE9848100C5061D /* PopoverViewController.xib */; };
		FDA0475B1CE9C6D000AF7121 /* EventMonitor.swift in Sources */ = {isa = PBXBuildFile; fileRef = FDA0475A1CE9C6D000AF7121 /* EventMonitor.swift */; };
		FDAA587A1CE30080002303BC /* SMPopover.swift in Sources */ = {isa = PBXBuildFile; fileRef = FDAA58791CE30080002303BC /* SMPopover.swift */; };
		FDB5AE341CEAE29200CE7BBB /* TBCell.swift in Sources */ = {isa = PBXBuildFile; fileRef = FDB5AE331CEAE29200CE7BBB /* TBCell.swift */; };
		FDB5AE751CEAF4D900CE7BBB /* ServiceApi.swift in Sources */ = {isa = PBXBuildFile; fileRef = FDB5AE741CEAF4D900CE7BBB /* ServiceApi.swift */; };
		FDB5AE771CEAF4EC00CE7BBB /* Router.swift in Sources */ = {isa = PBXBuildFile; fileRef = FDB5AE761CEAF4EC00CE7BBB /* Router.swift */; };
		FDB5AE7A1CECC83000CE7BBB /* ArticleArticleServices.swift in Sources */ = {isa = PBXBuildFile; fileRef = FDB5AE791CECC83000CE7BBB /* ArticleArticleServices.swift */; };
		FDB5AE801CEEB5A900CE7BBB /* Article.swift in Sources */ = {isa = PBXBuildFile; fileRef = FDB5AE7F1CEEB5A900CE7BBB /* Article.swift */; };
		FDB5AEBC1CF4399400CE7BBB /* SMSettingsMenuAction.swift in Sources */ = {isa = PBXBuildFile; fileRef = FDB5AEBB1CF4399400CE7BBB /* SMSettingsMenuAction.swift */; };
		FDF371D41CE05D4300300998 /* AppDelegate.swift in Sources */ = {isa = PBXBuildFile; fileRef = FDF371D31CE05D4300300998 /* AppDelegate.swift */; };
		FDF371D61CE05D4300300998 /* Assets.xcassets in Resources */ = {isa = PBXBuildFile; fileRef = FDF371D51CE05D4300300998 /* Assets.xcassets */; };
		FDF371D91CE05D4300300998 /* MainMenu.xib in Resources */ = {isa = PBXBuildFile; fileRef = FDF371D71CE05D4300300998 /* MainMenu.xib */; };
		FDF371E41CE05D4300300998 /* swiftmiTests.swift in Sources */ = {isa = PBXBuildFile; fileRef = FDF371E31CE05D4300300998 /* swiftmiTests.swift */; };
		FDF371EF1CE05D4300300998 /* swiftmiUITests.swift in Sources */ = {isa = PBXBuildFile; fileRef = FDF371EE1CE05D4300300998 /* swiftmiUITests.swift */; };
/* End PBXBuildFile section */

/* Begin PBXContainerItemProxy section */
		FD915F9A1CE8855F00C5061D /* PBXContainerItemProxy */ = {
			isa = PBXContainerItemProxy;
			containerPortal = FD915F901CE8855F00C5061D /* Alamofire.xcodeproj */;
			proxyType = 2;
			remoteGlobalIDString = F8111E3319A95C8B0040E7D1;
			remoteInfo = "Alamofire iOS";
		};
		FD915F9C1CE8855F00C5061D /* PBXContainerItemProxy */ = {
			isa = PBXContainerItemProxy;
			containerPortal = FD915F901CE8855F00C5061D /* Alamofire.xcodeproj */;
			proxyType = 2;
			remoteGlobalIDString = F8111E3E19A95C8B0040E7D1;
			remoteInfo = "Alamofire iOS Tests";
		};
		FD915F9E1CE8855F00C5061D /* PBXContainerItemProxy */ = {
			isa = PBXContainerItemProxy;
			containerPortal = FD915F901CE8855F00C5061D /* Alamofire.xcodeproj */;
			proxyType = 2;
			remoteGlobalIDString = 4DD67C0B1A5C55C900ED2280;
			remoteInfo = "Alamofire OSX";
		};
		FD915FA01CE8855F00C5061D /* PBXContainerItemProxy */ = {
			isa = PBXContainerItemProxy;
			containerPortal = FD915F901CE8855F00C5061D /* Alamofire.xcodeproj */;
			proxyType = 2;
			remoteGlobalIDString = F829C6B21A7A94F100A2CD59;
			remoteInfo = "Alamofire OSX Tests";
		};
		FD915FA21CE8855F00C5061D /* PBXContainerItemProxy */ = {
			isa = PBXContainerItemProxy;
			containerPortal = FD915F901CE8855F00C5061D /* Alamofire.xcodeproj */;
			proxyType = 2;
			remoteGlobalIDString = 4CF626EF1BA7CB3E0011A099;
			remoteInfo = "Alamofire tvOS";
		};
		FD915FA41CE8855F00C5061D /* PBXContainerItemProxy */ = {
			isa = PBXContainerItemProxy;
			containerPortal = FD915F901CE8855F00C5061D /* Alamofire.xcodeproj */;
			proxyType = 2;
			remoteGlobalIDString = 4CF626F81BA7CB3E0011A099;
			remoteInfo = "Alamofire tvOS Tests";
		};
		FD915FA61CE8855F00C5061D /* PBXContainerItemProxy */ = {
			isa = PBXContainerItemProxy;
			containerPortal = FD915F901CE8855F00C5061D /* Alamofire.xcodeproj */;
			proxyType = 2;
			remoteGlobalIDString = E4202FE01B667AA100C997FB;
			remoteInfo = "Alamofire watchOS";
		};
		FD915FB21CE8856500C5061D /* PBXContainerItemProxy */ = {
			isa = PBXContainerItemProxy;
			containerPortal = FD915FA81CE8856500C5061D /* SwiftyJSON.xcodeproj */;
			proxyType = 2;
			remoteGlobalIDString = 2E4FEFDB19575BE100351305;
			remoteInfo = "SwiftyJSON iOS";
		};
		FD915FB41CE8856500C5061D /* PBXContainerItemProxy */ = {
			isa = PBXContainerItemProxy;
			containerPortal = FD915FA81CE8856500C5061D /* SwiftyJSON.xcodeproj */;
			proxyType = 2;
			remoteGlobalIDString = 2E4FEFE619575BE100351305;
			remoteInfo = "SwiftyJSON iOS Tests";
		};
		FD915FB61CE8856500C5061D /* PBXContainerItemProxy */ = {
			isa = PBXContainerItemProxy;
			containerPortal = FD915FA81CE8856500C5061D /* SwiftyJSON.xcodeproj */;
			proxyType = 2;
			remoteGlobalIDString = 9C7DFC5B1A9102BD005AA3F7;
			remoteInfo = "SwiftyJSON OSX";
		};
		FD915FB81CE8856500C5061D /* PBXContainerItemProxy */ = {
			isa = PBXContainerItemProxy;
			containerPortal = FD915FA81CE8856500C5061D /* SwiftyJSON.xcodeproj */;
			proxyType = 2;
			remoteGlobalIDString = 9C7DFC651A9102BD005AA3F7;
			remoteInfo = "SwiftyJSON OSX Tests";
		};
		FD915FBA1CE8856500C5061D /* PBXContainerItemProxy */ = {
			isa = PBXContainerItemProxy;
			containerPortal = FD915FA81CE8856500C5061D /* SwiftyJSON.xcodeproj */;
			proxyType = 2;
			remoteGlobalIDString = E4D7CCE81B9465A700EE7221;
			remoteInfo = "SwiftyJSON watchOS";
		};
		FD915FBC1CE8856500C5061D /* PBXContainerItemProxy */ = {
			isa = PBXContainerItemProxy;
			containerPortal = FD915FA81CE8856500C5061D /* SwiftyJSON.xcodeproj */;
			proxyType = 2;
			remoteGlobalIDString = 7236B4F61BAC14150020529B;
			remoteInfo = "SwiftyJSON tvOS";
		};
		FD915FBE1CE8856500C5061D /* PBXContainerItemProxy */ = {
			isa = PBXContainerItemProxy;
			containerPortal = FD915FA81CE8856500C5061D /* SwiftyJSON.xcodeproj */;
			proxyType = 2;
			remoteGlobalIDString = A8580F741BCF5C5B00DA927B;
			remoteInfo = "SwiftyJSON tvOS Tests";
		};
		FDF371E01CE05D4300300998 /* PBXContainerItemProxy */ = {
			isa = PBXContainerItemProxy;
			containerPortal = FDF371C81CE05D4300300998 /* Project object */;
			proxyType = 1;
			remoteGlobalIDString = FDF371CF1CE05D4300300998;
			remoteInfo = swiftmi;
		};
		FDF371EB1CE05D4300300998 /* PBXContainerItemProxy */ = {
			isa = PBXContainerItemProxy;
			containerPortal = FDF371C81CE05D4300300998 /* Project object */;
			proxyType = 1;
			remoteGlobalIDString = FDF371CF1CE05D4300300998;
			remoteInfo = swiftmi;
		};
/* End PBXContainerItemProxy section */

/* Begin PBXCopyFilesBuildPhase section */
		FD45A7B01CFF420E009C92B7 /* Copy Frameworks */ = {
			isa = PBXCopyFilesBuildPhase;
			buildActionMask = 2147483647;
			dstPath = "";
			dstSubfolderSpec = 10;
			files = (
				FD45A7C01CFF422B009C92B7 /* Alamofire.framework in Copy Frameworks */,
				FD45A7BF1CFF4226009C92B7 /* SwiftyJSON.framework in Copy Frameworks */,
			);
			name = "Copy Frameworks";
			runOnlyForDeploymentPostprocessing = 0;
		};
/* End PBXCopyFilesBuildPhase section */

/* Begin PBXFileReference section */
		0E659A92D6728BEBFF624524 /* Pods-swiftmiUITests.release.xcconfig */ = {isa = PBXFileReference; includeInIndex = 1; lastKnownFileType = text.xcconfig; name = "Pods-swiftmiUITests.release.xcconfig"; path = "Pods/Target Support Files/Pods-swiftmiUITests/Pods-swiftmiUITests.release.xcconfig"; sourceTree = "<group>"; };
		2D700C47C2E440605697C75B /* Pods_swiftmi.framework */ = {isa = PBXFileReference; explicitFileType = wrapper.framework; includeInIndex = 0; path = Pods_swiftmi.framework; sourceTree = BUILT_PRODUCTS_DIR; };
		2F602C288A7E6090A432F47E /* Pods-swiftmi.release.xcconfig */ = {isa = PBXFileReference; includeInIndex = 1; lastKnownFileType = text.xcconfig; name = "Pods-swiftmi.release.xcconfig"; path = "Pods/Target Support Files/Pods-swiftmi/Pods-swiftmi.release.xcconfig"; sourceTree = "<group>"; };
		492D620C740025E8F5C76E19 /* Pods_swiftmiUITests.framework */ = {isa = PBXFileReference; explicitFileType = wrapper.framework; includeInIndex = 0; path = Pods_swiftmiUITests.framework; sourceTree = BUILT_PRODUCTS_DIR; };
		7A55EC644CA2470AB0FD0DD3 /* Pods_swiftmiTests.framework */ = {isa = PBXFileReference; explicitFileType = wrapper.framework; includeInIndex = 0; path = Pods_swiftmiTests.framework; sourceTree = BUILT_PRODUCTS_DIR; };
		B8C4D95C0956C29FEB571086 /* Pods-swiftmi.debug.xcconfig */ = {isa = PBXFileReference; includeInIndex = 1; lastKnownFileType = text.xcconfig; name = "Pods-swiftmi.debug.xcconfig"; path = "Pods/Target Support Files/Pods-swiftmi/Pods-swiftmi.debug.xcconfig"; sourceTree = "<group>"; };
		DC514FEA6FED3FB2195E283D /* Pods-swiftmiTests.debug.xcconfig */ = {isa = PBXFileReference; includeInIndex = 1; lastKnownFileType = text.xcconfig; name = "Pods-swiftmiTests.debug.xcconfig"; path = "Pods/Target Support Files/Pods-swiftmiTests/Pods-swiftmiTests.debug.xcconfig"; sourceTree = "<group>"; };
		E6DC4A85B4454242578D5E0E /* Pods-swiftmiTests.release.xcconfig */ = {isa = PBXFileReference; includeInIndex = 1; lastKnownFileType = text.xcconfig; name = "Pods-swiftmiTests.release.xcconfig"; path = "Pods/Target Support Files/Pods-swiftmiTests/Pods-swiftmiTests.release.xcconfig"; sourceTree = "<group>"; };
		EAFA313BC0D84021382387CB /* Pods-swiftmiUITests.debug.xcconfig */ = {isa = PBXFileReference; includeInIndex = 1; lastKnownFileType = text.xcconfig; name = "Pods-swiftmiUITests.debug.xcconfig"; path = "Pods/Target Support Files/Pods-swiftmiUITests/Pods-swiftmiUITests.debug.xcconfig"; sourceTree = "<group>"; };
		FD222CBA1CFC2114008D6496 /* NSColor+SwiftMi.swift */ = {isa = PBXFileReference; fileEncoding = 4; lastKnownFileType = sourcecode.swift; path = "NSColor+SwiftMi.swift"; sourceTree = "<group>"; };
		FD915F901CE8855F00C5061D /* Alamofire.xcodeproj */ = {isa = PBXFileReference; lastKnownFileType = "wrapper.pb-project"; name = Alamofire.xcodeproj; path = ../third/Alamofire/Alamofire.xcodeproj; sourceTree = "<group>"; };
		FD915FA81CE8856500C5061D /* SwiftyJSON.xcodeproj */ = {isa = PBXFileReference; lastKnownFileType = "wrapper.pb-project"; name = SwiftyJSON.xcodeproj; path = ../third/SwiftyJSON/SwiftyJSON.xcodeproj; sourceTree = "<group>"; };
		FD915FC81CE9848100C5061D /* PopoverViewController.swift */ = {isa = PBXFileReference; fileEncoding = 4; lastKnownFileType = sourcecode.swift; path = PopoverViewController.swift; sourceTree = "<group>"; };
		FD915FC91CE9848100C5061D /* PopoverViewController.xib */ = {isa = PBXFileReference; fileEncoding = 4; lastKnownFileType = file.xib; path = PopoverViewController.xib; sourceTree = "<group>"; };
		FDA0475A1CE9C6D000AF7121 /* EventMonitor.swift */ = {isa = PBXFileReference; fileEncoding = 4; lastKnownFileType = sourcecode.swift; path = EventMonitor.swift; sourceTree = "<group>"; };
		FDAA58791CE30080002303BC /* SMPopover.swift */ = {isa = PBXFileReference; fileEncoding = 4; lastKnownFileType = sourcecode.swift; path = SMPopover.swift; sourceTree = "<group>"; };
		FDB5AE331CEAE29200CE7BBB /* TBCell.swift */ = {isa = PBXFileReference; fileEncoding = 4; lastKnownFileType = sourcecode.swift; path = TBCell.swift; sourceTree = "<group>"; };
		FDB5AE741CEAF4D900CE7BBB /* ServiceApi.swift */ = {isa = PBXFileReference; fileEncoding = 4; lastKnownFileType = sourcecode.swift; path = ServiceApi.swift; sourceTree = "<group>"; };
		FDB5AE761CEAF4EC00CE7BBB /* Router.swift */ = {isa = PBXFileReference; fileEncoding = 4; lastKnownFileType = sourcecode.swift; path = Router.swift; sourceTree = "<group>"; };
		FDB5AE791CECC83000CE7BBB /* ArticleArticleServices.swift */ = {isa = PBXFileReference; fileEncoding = 4; lastKnownFileType = sourcecode.swift; path = ArticleArticleServices.swift; sourceTree = "<group>"; };
		FDB5AE7F1CEEB5A900CE7BBB /* Article.swift */ = {isa = PBXFileReference; fileEncoding = 4; lastKnownFileType = sourcecode.swift; path = Article.swift; sourceTree = "<group>"; };
		FDB5AEBB1CF4399400CE7BBB /* SMSettingsMenuAction.swift */ = {isa = PBXFileReference; fileEncoding = 4; lastKnownFileType = sourcecode.swift; path = SMSettingsMenuAction.swift; sourceTree = "<group>"; };
		FDF371D01CE05D4300300998 /* swiftmi.app */ = {isa = PBXFileReference; explicitFileType = wrapper.application; includeInIndex = 0; path = swiftmi.app; sourceTree = BUILT_PRODUCTS_DIR; };
		FDF371D31CE05D4300300998 /* AppDelegate.swift */ = {isa = PBXFileReference; lastKnownFileType = sourcecode.swift; path = AppDelegate.swift; sourceTree = "<group>"; };
		FDF371D51CE05D4300300998 /* Assets.xcassets */ = {isa = PBXFileReference; lastKnownFileType = folder.assetcatalog; path = Assets.xcassets; sourceTree = "<group>"; };
		FDF371D81CE05D4300300998 /* Base */ = {isa = PBXFileReference; lastKnownFileType = file.xib; name = Base; path = Base.lproj/MainMenu.xib; sourceTree = "<group>"; };
		FDF371DA1CE05D4300300998 /* Info.plist */ = {isa = PBXFileReference; lastKnownFileType = text.plist.xml; path = Info.plist; sourceTree = "<group>"; };
		FDF371DF1CE05D4300300998 /* swiftmiTests.xctest */ = {isa = PBXFileReference; explicitFileType = wrapper.cfbundle; includeInIndex = 0; path = swiftmiTests.xctest; sourceTree = BUILT_PRODUCTS_DIR; };
		FDF371E31CE05D4300300998 /* swiftmiTests.swift */ = {isa = PBXFileReference; lastKnownFileType = sourcecode.swift; path = swiftmiTests.swift; sourceTree = "<group>"; };
		FDF371E51CE05D4300300998 /* Info.plist */ = {isa = PBXFileReference; lastKnownFileType = text.plist.xml; path = Info.plist; sourceTree = "<group>"; };
		FDF371EA1CE05D4300300998 /* swiftmiUITests.xctest */ = {isa = PBXFileReference; explicitFileType = wrapper.cfbundle; includeInIndex = 0; path = swiftmiUITests.xctest; sourceTree = BUILT_PRODUCTS_DIR; };
		FDF371EE1CE05D4300300998 /* swiftmiUITests.swift */ = {isa = PBXFileReference; lastKnownFileType = sourcecode.swift; path = swiftmiUITests.swift; sourceTree = "<group>"; };
		FDF371F01CE05D4300300998 /* Info.plist */ = {isa = PBXFileReference; lastKnownFileType = text.plist.xml; path = Info.plist; sourceTree = "<group>"; };
/* End PBXFileReference section */

/* Begin PBXFrameworksBuildPhase section */
		FDF371CD1CE05D4300300998 /* Frameworks */ = {
			isa = PBXFrameworksBuildPhase;
			buildActionMask = 2147483647;
			files = (
				FD915FC11CE8858100C5061D /* Alamofire.framework in Frameworks */,
				FD915FC01CE8857D00C5061D /* SwiftyJSON.framework in Frameworks */,
				8FA4F85FDE19FFA44AC37D9E /* Pods_swiftmi.framework in Frameworks */,
			);
			runOnlyForDeploymentPostprocessing = 0;
		};
		FDF371DC1CE05D4300300998 /* Frameworks */ = {
			isa = PBXFrameworksBuildPhase;
			buildActionMask = 2147483647;
			files = (
				94A353344EE9AC3F2B364F0C /* Pods_swiftmiTests.framework in Frameworks */,
			);
			runOnlyForDeploymentPostprocessing = 0;
		};
		FDF371E71CE05D4300300998 /* Frameworks */ = {
			isa = PBXFrameworksBuildPhase;
			buildActionMask = 2147483647;
			files = (
				5D9279649B5FD17534140506 /* Pods_swiftmiUITests.framework in Frameworks */,
			);
			runOnlyForDeploymentPostprocessing = 0;
		};
/* End PBXFrameworksBuildPhase section */

/* Begin PBXGroup section */
		B039C8F183ADBD1605763619 /* Frameworks */ = {
			isa = PBXGroup;
			children = (
				2D700C47C2E440605697C75B /* Pods_swiftmi.framework */,
				7A55EC644CA2470AB0FD0DD3 /* Pods_swiftmiTests.framework */,
				492D620C740025E8F5C76E19 /* Pods_swiftmiUITests.framework */,
			);
			name = Frameworks;
			sourceTree = "<group>";
		};
		B4C4702354B4EEC9B97F61BE /* Pods */ = {
			isa = PBXGroup;
			children = (
				B8C4D95C0956C29FEB571086 /* Pods-swiftmi.debug.xcconfig */,
				2F602C288A7E6090A432F47E /* Pods-swiftmi.release.xcconfig */,
				DC514FEA6FED3FB2195E283D /* Pods-swiftmiTests.debug.xcconfig */,
				E6DC4A85B4454242578D5E0E /* Pods-swiftmiTests.release.xcconfig */,
				EAFA313BC0D84021382387CB /* Pods-swiftmiUITests.debug.xcconfig */,
				0E659A92D6728BEBFF624524 /* Pods-swiftmiUITests.release.xcconfig */,
			);
			name = Pods;
			sourceTree = "<group>";
		};
		FD222CAB1CFC20BB008D6496 /* Extensions */ = {
			isa = PBXGroup;
			children = (
				FD222CBA1CFC2114008D6496 /* NSColor+SwiftMi.swift */,
			);
			name = Extensions;
			sourceTree = "<group>";
		};
		FD915F8F1CE8853A00C5061D /* third */ = {
			isa = PBXGroup;
			children = (
				FD915FA81CE8856500C5061D /* SwiftyJSON.xcodeproj */,
				FD915F901CE8855F00C5061D /* Alamofire.xcodeproj */,
			);
			name = third;
			sourceTree = "<group>";
		};
		FD915F911CE8855F00C5061D /* Products */ = {
			isa = PBXGroup;
			children = (
				FD915F9B1CE8855F00C5061D /* Alamofire.framework */,
				FD915F9D1CE8855F00C5061D /* Alamofire iOS Tests.xctest */,
				FD915F9F1CE8855F00C5061D /* Alamofire.framework */,
				FD915FA11CE8855F00C5061D /* Alamofire OSX Tests.xctest */,
				FD915FA31CE8855F00C5061D /* Alamofire.framework */,
				FD915FA51CE8855F00C5061D /* Alamofire tvOS Tests.xctest */,
				FD915FA71CE8855F00C5061D /* Alamofire.framework */,
			);
			name = Products;
			sourceTree = "<group>";
		};
		FD915FA91CE8856500C5061D /* Products */ = {
			isa = PBXGroup;
			children = (
				FD915FB31CE8856500C5061D /* SwiftyJSON.framework */,
				FD915FB51CE8856500C5061D /* SwiftyJSON iOS Tests.xctest */,
				FD915FB71CE8856500C5061D /* SwiftyJSON.framework */,
				FD915FB91CE8856500C5061D /* SwiftyJSON OSX Tests.xctest */,
				FD915FBB1CE8856500C5061D /* SwiftyJSON.framework */,
				FD915FBD1CE8856500C5061D /* SwiftyJSON.framework */,
				FD915FBF1CE8856500C5061D /* SwiftyJSON tvOS Tests.xctest */,
			);
			name = Products;
			sourceTree = "<group>";
		};
		FD915FC71CE9841C00C5061D /* Views */ = {
			isa = PBXGroup;
			children = (
				FD915FC91CE9848100C5061D /* PopoverViewController.xib */,
				FDB5AE331CEAE29200CE7BBB /* TBCell.swift */,
			);
			name = Views;
			sourceTree = "<group>";
		};
		FD915FCC1CE9848900C5061D /* Controller */ = {
			isa = PBXGroup;
			children = (
				FD915FC81CE9848100C5061D /* PopoverViewController.swift */,
			);
			name = Controller;
			sourceTree = "<group>";
		};
		FDAA58781CE30035002303BC /* Common */ = {
			isa = PBXGroup;
			children = (
				FDAA58791CE30080002303BC /* SMPopover.swift */,
				FDA0475A1CE9C6D000AF7121 /* EventMonitor.swift */,
				FDB5AEBB1CF4399400CE7BBB /* SMSettingsMenuAction.swift */,
			);
			name = Common;
			sourceTree = "<group>";
		};
		FDB5AE731CEAF4A100CE7BBB /* services */ = {
			isa = PBXGroup;
			children = (
				FDB5AE741CEAF4D900CE7BBB /* ServiceApi.swift */,
				FDB5AE761CEAF4EC00CE7BBB /* Router.swift */,
				FDB5AE791CECC83000CE7BBB /* ArticleArticleServices.swift */,
			);
			name = services;
			sourceTree = "<group>";
		};
		FDB5AE7E1CEEB59B00CE7BBB /* Model */ = {
			isa = PBXGroup;
			children = (
				FDB5AE7F1CEEB5A900CE7BBB /* Article.swift */,
			);
			name = Model;
			sourceTree = "<group>";
		};
		FDF371C71CE05D4300300998 = {
			isa = PBXGroup;
			children = (
				FD915F8F1CE8853A00C5061D /* third */,
				FDF371D21CE05D4300300998 /* swiftmi */,
				FDF371E21CE05D4300300998 /* swiftmiTests */,
				FDF371ED1CE05D4300300998 /* swiftmiUITests */,
				FDF371D11CE05D4300300998 /* Products */,
				B4C4702354B4EEC9B97F61BE /* Pods */,
				B039C8F183ADBD1605763619 /* Frameworks */,
			);
			sourceTree = "<group>";
		};
		FDF371D11CE05D4300300998 /* Products */ = {
			isa = PBXGroup;
			children = (
				FDF371D01CE05D4300300998 /* swiftmi.app */,
				FDF371DF1CE05D4300300998 /* swiftmiTests.xctest */,
				FDF371EA1CE05D4300300998 /* swiftmiUITests.xctest */,
			);
			name = Products;
			sourceTree = "<group>";
		};
		FDF371D21CE05D4300300998 /* swiftmi */ = {
			isa = PBXGroup;
			children = (
				FD222CAB1CFC20BB008D6496 /* Extensions */,
				FDB5AE7E1CEEB59B00CE7BBB /* Model */,
				FDB5AE731CEAF4A100CE7BBB /* services */,
				FD915FCC1CE9848900C5061D /* Controller */,
				FD915FC71CE9841C00C5061D /* Views */,
				FDAA58781CE30035002303BC /* Common */,
				FDF371D31CE05D4300300998 /* AppDelegate.swift */,
				FDF371D51CE05D4300300998 /* Assets.xcassets */,
				FDF371D71CE05D4300300998 /* MainMenu.xib */,
				FDF371DA1CE05D4300300998 /* Info.plist */,
			);
			path = swiftmi;
			sourceTree = "<group>";
		};
		FDF371E21CE05D4300300998 /* swiftmiTests */ = {
			isa = PBXGroup;
			children = (
				FDF371E31CE05D4300300998 /* swiftmiTests.swift */,
				FDF371E51CE05D4300300998 /* Info.plist */,
			);
			path = swiftmiTests;
			sourceTree = "<group>";
		};
		FDF371ED1CE05D4300300998 /* swiftmiUITests */ = {
			isa = PBXGroup;
			children = (
				FDF371EE1CE05D4300300998 /* swiftmiUITests.swift */,
				FDF371F01CE05D4300300998 /* Info.plist */,
			);
			path = swiftmiUITests;
			sourceTree = "<group>";
		};
/* End PBXGroup section */

/* Begin PBXNativeTarget section */
		FDF371CF1CE05D4300300998 /* swiftmi */ = {
			isa = PBXNativeTarget;
			buildConfigurationList = FDF371F31CE05D4300300998 /* Build configuration list for PBXNativeTarget "swiftmi" */;
			buildPhases = (
				082462480D5DE4C8F06E7506 /* 📦 Check Pods Manifest.lock */,
				FDF371CC1CE05D4300300998 /* Sources */,
				FDF371CD1CE05D4300300998 /* Frameworks */,
				FDF371CE1CE05D4300300998 /* Resources */,
				8277AA7CC0482033317A0293 /* 📦 Embed Pods Frameworks */,
				096679AB782FA655F071690A /* 📦 Copy Pods Resources */,
				FD45A7B01CFF420E009C92B7 /* Copy Frameworks */,
			);
			buildRules = (
			);
			dependencies = (
			);
			name = swiftmi;
			productName = swiftmi;
			productReference = FDF371D01CE05D4300300998 /* swiftmi.app */;
			productType = "com.apple.product-type.application";
		};
		FDF371DE1CE05D4300300998 /* swiftmiTests */ = {
			isa = PBXNativeTarget;
			buildConfigurationList = FDF371F61CE05D4300300998 /* Build configuration list for PBXNativeTarget "swiftmiTests" */;
			buildPhases = (
				763C7C80AB6A2C340AB91630 /* 📦 Check Pods Manifest.lock */,
				FDF371DB1CE05D4300300998 /* Sources */,
				FDF371DC1CE05D4300300998 /* Frameworks */,
				FDF371DD1CE05D4300300998 /* Resources */,
				661BBE52DB94D08A76159751 /* 📦 Embed Pods Frameworks */,
				8297C6503920C00646B12F15 /* 📦 Copy Pods Resources */,
			);
			buildRules = (
			);
			dependencies = (
				FDF371E11CE05D4300300998 /* PBXTargetDependency */,
			);
			name = swiftmiTests;
			productName = swiftmiTests;
			productReference = FDF371DF1CE05D4300300998 /* swiftmiTests.xctest */;
			productType = "com.apple.product-type.bundle.unit-test";
		};
		FDF371E91CE05D4300300998 /* swiftmiUITests */ = {
			isa = PBXNativeTarget;
			buildConfigurationList = FDF371F91CE05D4300300998 /* Build configuration list for PBXNativeTarget "swiftmiUITests" */;
			buildPhases = (
				521D97D110D1F7058A13AF2A /* 📦 Check Pods Manifest.lock */,
				FDF371E61CE05D4300300998 /* Sources */,
				FDF371E71CE05D4300300998 /* Frameworks */,
				FDF371E81CE05D4300300998 /* Resources */,
				420FF0D5DD04DBF86871A50D /* 📦 Copy Pods Resources */,
			);
			buildRules = (
			);
			dependencies = (
				FDF371EC1CE05D4300300998 /* PBXTargetDependency */,
			);
			name = swiftmiUITests;
			productName = swiftmiUITests;
			productReference = FDF371EA1CE05D4300300998 /* swiftmiUITests.xctest */;
			productType = "com.apple.product-type.bundle.ui-testing";
		};
/* End PBXNativeTarget section */

/* Begin PBXProject section */
		FDF371C81CE05D4300300998 /* Project object */ = {
			isa = PBXProject;
			attributes = {
				LastSwiftUpdateCheck = 0730;
				LastUpgradeCheck = 0730;
				ORGANIZATIONNAME = swiftmi;
				TargetAttributes = {
					FDF371CF1CE05D4300300998 = {
						CreatedOnToolsVersion = 7.3.1;
					};
					FDF371DE1CE05D4300300998 = {
						CreatedOnToolsVersion = 7.3.1;
						TestTargetID = FDF371CF1CE05D4300300998;
					};
					FDF371E91CE05D4300300998 = {
						CreatedOnToolsVersion = 7.3.1;
						TestTargetID = FDF371CF1CE05D4300300998;
					};
				};
			};
			buildConfigurationList = FDF371CB1CE05D4300300998 /* Build configuration list for PBXProject "swiftmi" */;
			compatibilityVersion = "Xcode 3.2";
			developmentRegion = English;
			hasScannedForEncodings = 0;
			knownRegions = (
				en,
				Base,
			);
			mainGroup = FDF371C71CE05D4300300998;
			productRefGroup = FDF371D11CE05D4300300998 /* Products */;
			projectDirPath = "";
			projectReferences = (
				{
					ProductGroup = FD915F911CE8855F00C5061D /* Products */;
					ProjectRef = FD915F901CE8855F00C5061D /* Alamofire.xcodeproj */;
				},
				{
					ProductGroup = FD915FA91CE8856500C5061D /* Products */;
					ProjectRef = FD915FA81CE8856500C5061D /* SwiftyJSON.xcodeproj */;
				},
			);
			projectRoot = "";
			targets = (
				FDF371CF1CE05D4300300998 /* swiftmi */,
				FDF371DE1CE05D4300300998 /* swiftmiTests */,
				FDF371E91CE05D4300300998 /* swiftmiUITests */,
			);
		};
/* End PBXProject section */

/* Begin PBXReferenceProxy section */
		FD915F9B1CE8855F00C5061D /* Alamofire.framework */ = {
			isa = PBXReferenceProxy;
			fileType = wrapper.framework;
			path = Alamofire.framework;
			remoteRef = FD915F9A1CE8855F00C5061D /* PBXContainerItemProxy */;
			sourceTree = BUILT_PRODUCTS_DIR;
		};
		FD915F9D1CE8855F00C5061D /* Alamofire iOS Tests.xctest */ = {
			isa = PBXReferenceProxy;
			fileType = wrapper.cfbundle;
			path = "Alamofire iOS Tests.xctest";
			remoteRef = FD915F9C1CE8855F00C5061D /* PBXContainerItemProxy */;
			sourceTree = BUILT_PRODUCTS_DIR;
		};
		FD915F9F1CE8855F00C5061D /* Alamofire.framework */ = {
			isa = PBXReferenceProxy;
			fileType = wrapper.framework;
			path = Alamofire.framework;
			remoteRef = FD915F9E1CE8855F00C5061D /* PBXContainerItemProxy */;
			sourceTree = BUILT_PRODUCTS_DIR;
		};
		FD915FA11CE8855F00C5061D /* Alamofire OSX Tests.xctest */ = {
			isa = PBXReferenceProxy;
			fileType = wrapper.cfbundle;
			path = "Alamofire OSX Tests.xctest";
			remoteRef = FD915FA01CE8855F00C5061D /* PBXContainerItemProxy */;
			sourceTree = BUILT_PRODUCTS_DIR;
		};
		FD915FA31CE8855F00C5061D /* Alamofire.framework */ = {
			isa = PBXReferenceProxy;
			fileType = wrapper.framework;
			path = Alamofire.framework;
			remoteRef = FD915FA21CE8855F00C5061D /* PBXContainerItemProxy */;
			sourceTree = BUILT_PRODUCTS_DIR;
		};
		FD915FA51CE8855F00C5061D /* Alamofire tvOS Tests.xctest */ = {
			isa = PBXReferenceProxy;
			fileType = wrapper.cfbundle;
			path = "Alamofire tvOS Tests.xctest";
			remoteRef = FD915FA41CE8855F00C5061D /* PBXContainerItemProxy */;
			sourceTree = BUILT_PRODUCTS_DIR;
		};
		FD915FA71CE8855F00C5061D /* Alamofire.framework */ = {
			isa = PBXReferenceProxy;
			fileType = wrapper.framework;
			path = Alamofire.framework;
			remoteRef = FD915FA61CE8855F00C5061D /* PBXContainerItemProxy */;
			sourceTree = BUILT_PRODUCTS_DIR;
		};
		FD915FB31CE8856500C5061D /* SwiftyJSON.framework */ = {
			isa = PBXReferenceProxy;
			fileType = wrapper.framework;
			path = SwiftyJSON.framework;
			remoteRef = FD915FB21CE8856500C5061D /* PBXContainerItemProxy */;
			sourceTree = BUILT_PRODUCTS_DIR;
		};
		FD915FB51CE8856500C5061D /* SwiftyJSON iOS Tests.xctest */ = {
			isa = PBXReferenceProxy;
			fileType = wrapper.cfbundle;
			path = "SwiftyJSON iOS Tests.xctest";
			remoteRef = FD915FB41CE8856500C5061D /* PBXContainerItemProxy */;
			sourceTree = BUILT_PRODUCTS_DIR;
		};
		FD915FB71CE8856500C5061D /* SwiftyJSON.framework */ = {
			isa = PBXReferenceProxy;
			fileType = wrapper.framework;
			path = SwiftyJSON.framework;
			remoteRef = FD915FB61CE8856500C5061D /* PBXContainerItemProxy */;
			sourceTree = BUILT_PRODUCTS_DIR;
		};
		FD915FB91CE8856500C5061D /* SwiftyJSON OSX Tests.xctest */ = {
			isa = PBXReferenceProxy;
			fileType = wrapper.cfbundle;
			path = "SwiftyJSON OSX Tests.xctest";
			remoteRef = FD915FB81CE8856500C5061D /* PBXContainerItemProxy */;
			sourceTree = BUILT_PRODUCTS_DIR;
		};
		FD915FBB1CE8856500C5061D /* SwiftyJSON.framework */ = {
			isa = PBXReferenceProxy;
			fileType = wrapper.framework;
			path = SwiftyJSON.framework;
			remoteRef = FD915FBA1CE8856500C5061D /* PBXContainerItemProxy */;
			sourceTree = BUILT_PRODUCTS_DIR;
		};
		FD915FBD1CE8856500C5061D /* SwiftyJSON.framework */ = {
			isa = PBXReferenceProxy;
			fileType = wrapper.framework;
			path = SwiftyJSON.framework;
			remoteRef = FD915FBC1CE8856500C5061D /* PBXContainerItemProxy */;
			sourceTree = BUILT_PRODUCTS_DIR;
		};
		FD915FBF1CE8856500C5061D /* SwiftyJSON tvOS Tests.xctest */ = {
			isa = PBXReferenceProxy;
			fileType = wrapper.cfbundle;
			path = "SwiftyJSON tvOS Tests.xctest";
			remoteRef = FD915FBE1CE8856500C5061D /* PBXContainerItemProxy */;
			sourceTree = BUILT_PRODUCTS_DIR;
		};
/* End PBXReferenceProxy section */

/* Begin PBXResourcesBuildPhase section */
		FDF371CE1CE05D4300300998 /* Resources */ = {
			isa = PBXResourcesBuildPhase;
			buildActionMask = 2147483647;
			files = (
				FD915FCB1CE9848100C5061D /* PopoverViewController.xib in Resources */,
				FDF371D61CE05D4300300998 /* Assets.xcassets in Resources */,
				FDF371D91CE05D4300300998 /* MainMenu.xib in Resources */,
			);
			runOnlyForDeploymentPostprocessing = 0;
		};
		FDF371DD1CE05D4300300998 /* Resources */ = {
			isa = PBXResourcesBuildPhase;
			buildActionMask = 2147483647;
			files = (
			);
			runOnlyForDeploymentPostprocessing = 0;
		};
		FDF371E81CE05D4300300998 /* Resources */ = {
			isa = PBXResourcesBuildPhase;
			buildActionMask = 2147483647;
			files = (
			);
			runOnlyForDeploymentPostprocessing = 0;
		};
/* End PBXResourcesBuildPhase section */

/* Begin PBXShellScriptBuildPhase section */
		082462480D5DE4C8F06E7506 /* 📦 Check Pods Manifest.lock */ = {
			isa = PBXShellScriptBuildPhase;
			buildActionMask = 2147483647;
			files = (
			);
			inputPaths = (
			);
			name = "📦 Check Pods Manifest.lock";
			outputPaths = (
			);
			runOnlyForDeploymentPostprocessing = 0;
			shellPath = /bin/sh;
			shellScript = "diff \"${PODS_ROOT}/../Podfile.lock\" \"${PODS_ROOT}/Manifest.lock\" > /dev/null\nif [[ $? != 0 ]] ; then\n    cat << EOM\nerror: The sandbox is not in sync with the Podfile.lock. Run 'pod install' or update your CocoaPods installation.\nEOM\n    exit 1\nfi\n";
			showEnvVarsInLog = 0;
		};
		096679AB782FA655F071690A /* 📦 Copy Pods Resources */ = {
			isa = PBXShellScriptBuildPhase;
			buildActionMask = 2147483647;
			files = (
			);
			inputPaths = (
			);
			name = "📦 Copy Pods Resources";
			outputPaths = (
			);
			runOnlyForDeploymentPostprocessing = 0;
			shellPath = /bin/sh;
			shellScript = "\"${SRCROOT}/Pods/Target Support Files/Pods-swiftmi/Pods-swiftmi-resources.sh\"\n";
			showEnvVarsInLog = 0;
		};
		420FF0D5DD04DBF86871A50D /* 📦 Copy Pods Resources */ = {
			isa = PBXShellScriptBuildPhase;
			buildActionMask = 2147483647;
			files = (
			);
			inputPaths = (
			);
			name = "📦 Copy Pods Resources";
			outputPaths = (
			);
			runOnlyForDeploymentPostprocessing = 0;
			shellPath = /bin/sh;
			shellScript = "\"${SRCROOT}/Pods/Target Support Files/Pods-swiftmiUITests/Pods-swiftmiUITests-resources.sh\"\n";
			showEnvVarsInLog = 0;
		};
		521D97D110D1F7058A13AF2A /* 📦 Check Pods Manifest.lock */ = {
			isa = PBXShellScriptBuildPhase;
			buildActionMask = 2147483647;
			files = (
			);
			inputPaths = (
			);
			name = "📦 Check Pods Manifest.lock";
			outputPaths = (
			);
			runOnlyForDeploymentPostprocessing = 0;
			shellPath = /bin/sh;
			shellScript = "diff \"${PODS_ROOT}/../Podfile.lock\" \"${PODS_ROOT}/Manifest.lock\" > /dev/null\nif [[ $? != 0 ]] ; then\n    cat << EOM\nerror: The sandbox is not in sync with the Podfile.lock. Run 'pod install' or update your CocoaPods installation.\nEOM\n    exit 1\nfi\n";
			showEnvVarsInLog = 0;
		};
		661BBE52DB94D08A76159751 /* 📦 Embed Pods Frameworks */ = {
			isa = PBXShellScriptBuildPhase;
			buildActionMask = 2147483647;
			files = (
			);
			inputPaths = (
			);
			name = "📦 Embed Pods Frameworks";
			outputPaths = (
			);
			runOnlyForDeploymentPostprocessing = 0;
			shellPath = /bin/sh;
			shellScript = "\"${SRCROOT}/Pods/Target Support Files/Pods-swiftmiTests/Pods-swiftmiTests-frameworks.sh\"\n";
			showEnvVarsInLog = 0;
		};
		763C7C80AB6A2C340AB91630 /* 📦 Check Pods Manifest.lock */ = {
			isa = PBXShellScriptBuildPhase;
			buildActionMask = 2147483647;
			files = (
			);
			inputPaths = (
			);
			name = "📦 Check Pods Manifest.lock";
			outputPaths = (
			);
			runOnlyForDeploymentPostprocessing = 0;
			shellPath = /bin/sh;
			shellScript = "diff \"${PODS_ROOT}/../Podfile.lock\" \"${PODS_ROOT}/Manifest.lock\" > /dev/null\nif [[ $? != 0 ]] ; then\n    cat << EOM\nerror: The sandbox is not in sync with the Podfile.lock. Run 'pod install' or update your CocoaPods installation.\nEOM\n    exit 1\nfi\n";
			showEnvVarsInLog = 0;
		};
		8277AA7CC0482033317A0293 /* 📦 Embed Pods Frameworks */ = {
			isa = PBXShellScriptBuildPhase;
			buildActionMask = 2147483647;
			files = (
			);
			inputPaths = (
			);
			name = "📦 Embed Pods Frameworks";
			outputPaths = (
			);
			runOnlyForDeploymentPostprocessing = 0;
			shellPath = /bin/sh;
			shellScript = "\"${SRCROOT}/Pods/Target Support Files/Pods-swiftmi/Pods-swiftmi-frameworks.sh\"\n";
			showEnvVarsInLog = 0;
		};
		8297C6503920C00646B12F15 /* 📦 Copy Pods Resources */ = {
			isa = PBXShellScriptBuildPhase;
			buildActionMask = 2147483647;
			files = (
			);
			inputPaths = (
			);
			name = "📦 Copy Pods Resources";
			outputPaths = (
			);
			runOnlyForDeploymentPostprocessing = 0;
			shellPath = /bin/sh;
			shellScript = "\"${SRCROOT}/Pods/Target Support Files/Pods-swiftmiTests/Pods-swiftmiTests-resources.sh\"\n";
			showEnvVarsInLog = 0;
		};
/* End PBXShellScriptBuildPhase section */

/* Begin PBXSourcesBuildPhase section */
		FDF371CC1CE05D4300300998 /* Sources */ = {
			isa = PBXSourcesBuildPhase;
			buildActionMask = 2147483647;
			files = (
				FDB5AE7A1CECC83000CE7BBB /* ArticleArticleServices.swift in Sources */,
				FD915FCA1CE9848100C5061D /* PopoverViewController.swift in Sources */,
				FDB5AE801CEEB5A900CE7BBB /* Article.swift in Sources */,
				FDB5AEBC1CF4399400CE7BBB /* SMSettingsMenuAction.swift in Sources */,
				FDB5AE341CEAE29200CE7BBB /* TBCell.swift in Sources */,
				FDB5AE751CEAF4D900CE7BBB /* ServiceApi.swift in Sources */,
				FDB5AE771CEAF4EC00CE7BBB /* Router.swift in Sources */,
				FDA0475B1CE9C6D000AF7121 /* EventMonitor.swift in Sources */,
				FDF371D41CE05D4300300998 /* AppDelegate.swift in Sources */,
				FD222CBB1CFC2114008D6496 /* NSColor+SwiftMi.swift in Sources */,
				FDAA587A1CE30080002303BC /* SMPopover.swift in Sources */,
			);
			runOnlyForDeploymentPostprocessing = 0;
		};
		FDF371DB1CE05D4300300998 /* Sources */ = {
			isa = PBXSourcesBuildPhase;
			buildActionMask = 2147483647;
			files = (
				FDF371E41CE05D4300300998 /* swiftmiTests.swift in Sources */,
			);
			runOnlyForDeploymentPostprocessing = 0;
		};
		FDF371E61CE05D4300300998 /* Sources */ = {
			isa = PBXSourcesBuildPhase;
			buildActionMask = 2147483647;
			files = (
				FDF371EF1CE05D4300300998 /* swiftmiUITests.swift in Sources */,
			);
			runOnlyForDeploymentPostprocessing = 0;
		};
/* End PBXSourcesBuildPhase section */

/* Begin PBXTargetDependency section */
		FDF371E11CE05D4300300998 /* PBXTargetDependency */ = {
			isa = PBXTargetDependency;
			target = FDF371CF1CE05D4300300998 /* swiftmi */;
			targetProxy = FDF371E01CE05D4300300998 /* PBXContainerItemProxy */;
		};
		FDF371EC1CE05D4300300998 /* PBXTargetDependency */ = {
			isa = PBXTargetDependency;
			target = FDF371CF1CE05D4300300998 /* swiftmi */;
			targetProxy = FDF371EB1CE05D4300300998 /* PBXContainerItemProxy */;
		};
/* End PBXTargetDependency section */

/* Begin PBXVariantGroup section */
		FDF371D71CE05D4300300998 /* MainMenu.xib */ = {
			isa = PBXVariantGroup;
			children = (
				FDF371D81CE05D4300300998 /* Base */,
			);
			name = MainMenu.xib;
			sourceTree = "<group>";
		};
/* End PBXVariantGroup section */

/* Begin XCBuildConfiguration section */
		FDF371F11CE05D4300300998 /* Debug */ = {
			isa = XCBuildConfiguration;
			buildSettings = {
				ALWAYS_SEARCH_USER_PATHS = NO;
				CLANG_ANALYZER_NONNULL = YES;
				CLANG_CXX_LANGUAGE_STANDARD = "gnu++0x";
				CLANG_CXX_LIBRARY = "libc++";
				CLANG_ENABLE_MODULES = YES;
				CLANG_ENABLE_OBJC_ARC = YES;
				CLANG_WARN_BOOL_CONVERSION = YES;
				CLANG_WARN_CONSTANT_CONVERSION = YES;
				CLANG_WARN_DIRECT_OBJC_ISA_USAGE = YES_ERROR;
				CLANG_WARN_EMPTY_BODY = YES;
				CLANG_WARN_ENUM_CONVERSION = YES;
				CLANG_WARN_INT_CONVERSION = YES;
				CLANG_WARN_OBJC_ROOT_CLASS = YES_ERROR;
				CLANG_WARN_UNREACHABLE_CODE = YES;
				CLANG_WARN__DUPLICATE_METHOD_MATCH = YES;
				CODE_SIGN_IDENTITY = "-";
				COPY_PHASE_STRIP = NO;
				DEBUG_INFORMATION_FORMAT = dwarf;
				ENABLE_STRICT_OBJC_MSGSEND = YES;
				ENABLE_TESTABILITY = YES;
				GCC_C_LANGUAGE_STANDARD = gnu99;
				GCC_DYNAMIC_NO_PIC = NO;
				GCC_NO_COMMON_BLOCKS = YES;
				GCC_OPTIMIZATION_LEVEL = 0;
				GCC_PREPROCESSOR_DEFINITIONS = (
					"DEBUG=1",
					"$(inherited)",
				);
				GCC_WARN_64_TO_32_BIT_CONVERSION = YES;
				GCC_WARN_ABOUT_RETURN_TYPE = YES_ERROR;
				GCC_WARN_UNDECLARED_SELECTOR = YES;
				GCC_WARN_UNINITIALIZED_AUTOS = YES_AGGRESSIVE;
				GCC_WARN_UNUSED_FUNCTION = YES;
				GCC_WARN_UNUSED_VARIABLE = YES;
				MACOSX_DEPLOYMENT_TARGET = 10.11;
				MTL_ENABLE_DEBUG_INFO = YES;
				ONLY_ACTIVE_ARCH = YES;
				SDKROOT = macosx;
				SWIFT_OPTIMIZATION_LEVEL = "-Onone";
			};
			name = Debug;
		};
		FDF371F21CE05D4300300998 /* Release */ = {
			isa = XCBuildConfiguration;
			buildSettings = {
				ALWAYS_SEARCH_USER_PATHS = NO;
				CLANG_ANALYZER_NONNULL = YES;
				CLANG_CXX_LANGUAGE_STANDARD = "gnu++0x";
				CLANG_CXX_LIBRARY = "libc++";
				CLANG_ENABLE_MODULES = YES;
				CLANG_ENABLE_OBJC_ARC = YES;
				CLANG_WARN_BOOL_CONVERSION = YES;
				CLANG_WARN_CONSTANT_CONVERSION = YES;
				CLANG_WARN_DIRECT_OBJC_ISA_USAGE = YES_ERROR;
				CLANG_WARN_EMPTY_BODY = YES;
				CLANG_WARN_ENUM_CONVERSION = YES;
				CLANG_WARN_INT_CONVERSION = YES;
				CLANG_WARN_OBJC_ROOT_CLASS = YES_ERROR;
				CLANG_WARN_UNREACHABLE_CODE = YES;
				CLANG_WARN__DUPLICATE_METHOD_MATCH = YES;
				CODE_SIGN_IDENTITY = "-";
				COPY_PHASE_STRIP = NO;
				DEBUG_INFORMATION_FORMAT = "dwarf-with-dsym";
				ENABLE_NS_ASSERTIONS = NO;
				ENABLE_STRICT_OBJC_MSGSEND = YES;
				GCC_C_LANGUAGE_STANDARD = gnu99;
				GCC_NO_COMMON_BLOCKS = YES;
				GCC_WARN_64_TO_32_BIT_CONVERSION = YES;
				GCC_WARN_ABOUT_RETURN_TYPE = YES_ERROR;
				GCC_WARN_UNDECLARED_SELECTOR = YES;
				GCC_WARN_UNINITIALIZED_AUTOS = YES_AGGRESSIVE;
				GCC_WARN_UNUSED_FUNCTION = YES;
				GCC_WARN_UNUSED_VARIABLE = YES;
				MACOSX_DEPLOYMENT_TARGET = 10.11;
				MTL_ENABLE_DEBUG_INFO = NO;
				SDKROOT = macosx;
			};
			name = Release;
		};
		FDF371F41CE05D4300300998 /* Debug */ = {
			isa = XCBuildConfiguration;
			baseConfigurationReference = B8C4D95C0956C29FEB571086 /* Pods-swiftmi.debug.xcconfig */;
			buildSettings = {
				ASSETCATALOG_COMPILER_APPICON_NAME = AppIcon;
				COMBINE_HIDPI_IMAGES = YES;
				INFOPLIST_FILE = swiftmi/Info.plist;
				LD_RUNPATH_SEARCH_PATHS = "$(inherited) @executable_path/../Frameworks";
				MACOSX_DEPLOYMENT_TARGET = 10.10;
				PRODUCT_BUNDLE_IDENTIFIER = com.swiftmi.osx.swiftmi;
				PRODUCT_NAME = "$(TARGET_NAME)";
			};
			name = Debug;
		};
		FDF371F51CE05D4300300998 /* Release */ = {
			isa = XCBuildConfiguration;
			baseConfigurationReference = 2F602C288A7E6090A432F47E /* Pods-swiftmi.release.xcconfig */;
			buildSettings = {
				ASSETCATALOG_COMPILER_APPICON_NAME = AppIcon;
				COMBINE_HIDPI_IMAGES = YES;
				INFOPLIST_FILE = swiftmi/Info.plist;
				LD_RUNPATH_SEARCH_PATHS = "$(inherited) @executable_path/../Frameworks";
				MACOSX_DEPLOYMENT_TARGET = 10.10;
				PRODUCT_BUNDLE_IDENTIFIER = com.swiftmi.osx.swiftmi;
				PRODUCT_NAME = "$(TARGET_NAME)";
			};
			name = Release;
		};
		FDF371F71CE05D4300300998 /* Debug */ = {
			isa = XCBuildConfiguration;
			baseConfigurationReference = DC514FEA6FED3FB2195E283D /* Pods-swiftmiTests.debug.xcconfig */;
			buildSettings = {
				BUNDLE_LOADER = "$(TEST_HOST)";
				COMBINE_HIDPI_IMAGES = YES;
				INFOPLIST_FILE = swiftmiTests/Info.plist;
				LD_RUNPATH_SEARCH_PATHS = "$(inherited) @executable_path/../Frameworks @loader_path/../Frameworks";
				PRODUCT_BUNDLE_IDENTIFIER = com.swiftmi.osx.swiftmiTests;
				PRODUCT_NAME = "$(TARGET_NAME)";
				TEST_HOST = "$(BUILT_PRODUCTS_DIR)/swiftmi.app/Contents/MacOS/swiftmi";
			};
			name = Debug;
		};
		FDF371F81CE05D4300300998 /* Release */ = {
			isa = XCBuildConfiguration;
			baseConfigurationReference = E6DC4A85B4454242578D5E0E /* Pods-swiftmiTests.release.xcconfig */;
			buildSettings = {
				BUNDLE_LOADER = "$(TEST_HOST)";
				COMBINE_HIDPI_IMAGES = YES;
				INFOPLIST_FILE = swiftmiTests/Info.plist;
				LD_RUNPATH_SEARCH_PATHS = "$(inherited) @executable_path/../Frameworks @loader_path/../Frameworks";
				PRODUCT_BUNDLE_IDENTIFIER = com.swiftmi.osx.swiftmiTests;
				PRODUCT_NAME = "$(TARGET_NAME)";
				TEST_HOST = "$(BUILT_PRODUCTS_DIR)/swiftmi.app/Contents/MacOS/swiftmi";
			};
			name = Release;
		};
		FDF371FA1CE05D4300300998 /* Debug */ = {
			isa = XCBuildConfiguration;
			baseConfigurationReference = EAFA313BC0D84021382387CB /* Pods-swiftmiUITests.debug.xcconfig */;
			buildSettings = {
				COMBINE_HIDPI_IMAGES = YES;
				INFOPLIST_FILE = swiftmiUITests/Info.plist;
				LD_RUNPATH_SEARCH_PATHS = "$(inherited) @executable_path/../Frameworks @loader_path/../Frameworks";
				PRODUCT_BUNDLE_IDENTIFIER = com.swiftmi.osx.swiftmiUITests;
				PRODUCT_NAME = "$(TARGET_NAME)";
				TEST_TARGET_NAME = swiftmi;
			};
			name = Debug;
		};
		FDF371FB1CE05D4300300998 /* Release */ = {
			isa = XCBuildConfiguration;
			baseConfigurationReference = 0E659A92D6728BEBFF624524 /* Pods-swiftmiUITests.release.xcconfig */;
			buildSettings = {
				COMBINE_HIDPI_IMAGES = YES;
				INFOPLIST_FILE = swiftmiUITests/Info.plist;
				LD_RUNPATH_SEARCH_PATHS = "$(inherited) @executable_path/../Frameworks @loader_path/../Frameworks";
				PRODUCT_BUNDLE_IDENTIFIER = com.swiftmi.osx.swiftmiUITests;
				PRODUCT_NAME = "$(TARGET_NAME)";
				TEST_TARGET_NAME = swiftmi;
			};
			name = Release;
		};
/* End XCBuildConfiguration section */

/* Begin XCConfigurationList section */
		FDF371CB1CE05D4300300998 /* Build configuration list for PBXProject "swiftmi" */ = {
			isa = XCConfigurationList;
			buildConfigurations = (
				FDF371F11CE05D4300300998 /* Debug */,
				FDF371F21CE05D4300300998 /* Release */,
			);
			defaultConfigurationIsVisible = 0;
			defaultConfigurationName = Release;
		};
		FDF371F31CE05D4300300998 /* Build configuration list for PBXNativeTarget "swiftmi" */ = {
			isa = XCConfigurationList;
			buildConfigurations = (
				FDF371F41CE05D4300300998 /* Debug */,
				FDF371F51CE05D4300300998 /* Release */,
			);
			defaultConfigurationIsVisible = 0;
			defaultConfigurationName = Release;
		};
		FDF371F61CE05D4300300998 /* Build configuration list for PBXNativeTarget "swiftmiTests" */ = {
			isa = XCConfigurationList;
			buildConfigurations = (
				FDF371F71CE05D4300300998 /* Debug */,
				FDF371F81CE05D4300300998 /* Release */,
			);
			defaultConfigurationIsVisible = 0;
			defaultConfigurationName = Release;
		};
		FDF371F91CE05D4300300998 /* Build configuration list for PBXNativeTarget "swiftmiUITests" */ = {
			isa = XCConfigurationList;
			buildConfigurations = (
				FDF371FA1CE05D4300300998 /* Debug */,
				FDF371FB1CE05D4300300998 /* Release */,
			);
			defaultConfigurationIsVisible = 0;
			defaultConfigurationName = Release;
		};
/* End XCConfigurationList section */
	};
	rootObject = FDF371C81CE05D4300300998 /* Project object */;
}
